
Microsoft Visual Studio Solution File, Format Version 12.00
# Visual Studio Version 18
VisualStudioVersion = 18.1.11304.174
MinimumVisualStudioVersion = 10.0.40219.1
Project("{FAE04EC0-301F-11D3-BF4B-00C04F79EFBC}") = "TSIS2.Plugins", "TSIS2.Plugins\TSIS2.Plugins.csproj", "{0373C222-426A-4518-940C-B886B1AE7111}"
EndProject
Project("{FAE04EC0-301F-11D3-BF4B-00C04F79EFBC}") = "ROMTS-GSRST.Plugins.Tests", "ROMTS-GSRST.Plugins.Tests\ROMTS-GSRST.Plugins.Tests.csproj", "{5FE13477-66E2-449C-9903-454D741780F8}"
EndProject
Project("{FAE04EC0-301F-11D3-BF4B-00C04F79EFBC}") = "TSIS2.QuestionnaireProcessorConsole", "TSIS2.QuestionnaireProcessorConsole\TSIS2.QuestionnaireProcessorConsole.csproj", "{E3886696-2E82-4332-8B13-01173B3001EB}"
EndProject
Project("{FAE04EC0-301F-11D3-BF4B-00C04F79EFBC}") = "TSIS2.QuestionnaireProcessor", "TSIS2.QuestionnaireProcessor\TSIS2.QuestionnaireProcessor.csproj", "{FFE6C835-8F57-420A-B592-78D7FFA2550E}"
EndProject
Global
	GlobalSection(SolutionConfigurationPlatforms) = preSolution
		Debug|Any CPU = Debug|Any CPU
		Debug|x64 = Debug|x64
		Debug|x86 = Debug|x86
		Release|Any CPU = Release|Any CPU
		Release|x64 = Release|x64
		Release|x86 = Release|x86
	EndGlobalSection
	GlobalSection(ProjectConfigurationPlatforms) = postSolution
		{0373C222-426A-4518-940C-B886B1AE7111}.Debug|Any CPU.ActiveCfg = Debug|Any CPU
		{0373C222-426A-4518-940C-B886B1AE7111}.Debug|Any CPU.Build.0 = Debug|Any CPU
		{0373C222-426A-4518-940C-B886B1AE7111}.Debug|x64.ActiveCfg = Debug|Any CPU
		{0373C222-426A-4518-940C-B886B1AE7111}.Debug|x64.Build.0 = Debug|Any CPU
		{0373C222-426A-4518-940C-B886B1AE7111}.Debug|x86.ActiveCfg = Debug|Any CPU
		{0373C222-426A-4518-940C-B886B1AE7111}.Debug|x86.Build.0 = Debug|Any CPU
		{0373C222-426A-4518-940C-B886B1AE7111}.Release|Any CPU.ActiveCfg = Release|Any CPU
		{0373C222-426A-4518-940C-B886B1AE7111}.Release|Any CPU.Build.0 = Release|Any CPU
		{0373C222-426A-4518-940C-B886B1AE7111}.Release|x64.ActiveCfg = Release|Any CPU
		{0373C222-426A-4518-940C-B886B1AE7111}.Release|x64.Build.0 = Release|Any CPU
		{0373C222-426A-4518-940C-B886B1AE7111}.Release|x86.ActiveCfg = Release|Any CPU
		{0373C222-426A-4518-940C-B886B1AE7111}.Release|x86.Build.0 = Release|Any CPU
		{5FE13477-66E2-449C-9903-454D741780F8}.Debug|Any CPU.ActiveCfg = Debug|Any CPU
		{5FE13477-66E2-449C-9903-454D741780F8}.Debug|Any CPU.Build.0 = Debug|Any CPU
		{5FE13477-66E2-449C-9903-454D741780F8}.Debug|x64.ActiveCfg = Debug|Any CPU
		{5FE13477-66E2-449C-9903-454D741780F8}.Debug|x64.Build.0 = Debug|Any CPU
		{5FE13477-66E2-449C-9903-454D741780F8}.Debug|x86.ActiveCfg = Debug|Any CPU
		{5FE13477-66E2-449C-9903-454D741780F8}.Debug|x86.Build.0 = Debug|Any CPU
		{5FE13477-66E2-449C-9903-454D741780F8}.Release|Any CPU.ActiveCfg = Release|Any CPU
		{5FE13477-66E2-449C-9903-454D741780F8}.Release|Any CPU.Build.0 = Release|Any CPU
		{5FE13477-66E2-449C-9903-454D741780F8}.Release|x64.ActiveCfg = Release|Any CPU
		{5FE13477-66E2-449C-9903-454D741780F8}.Release|x64.Build.0 = Release|Any CPU
		{5FE13477-66E2-449C-9903-454D741780F8}.Release|x86.ActiveCfg = Release|Any CPU
		{5FE13477-66E2-449C-9903-454D741780F8}.Release|x86.Build.0 = Release|Any CPU
		{E3886696-2E82-4332-8B13-01173B3001EB}.Debug|Any CPU.ActiveCfg = Debug|Any CPU
		{E3886696-2E82-4332-8B13-01173B3001EB}.Debug|Any CPU.Build.0 = Debug|Any CPU
		{E3886696-2E82-4332-8B13-01173B3001EB}.Debug|x64.ActiveCfg = Debug|Any CPU
		{E3886696-2E82-4332-8B13-01173B3001EB}.Debug|x64.Build.0 = Debug|Any CPU
		{E3886696-2E82-4332-8B13-01173B3001EB}.Debug|x86.ActiveCfg = Debug|Any CPU
		{E3886696-2E82-4332-8B13-01173B3001EB}.Debug|x86.Build.0 = Debug|Any CPU
		{E3886696-2E82-4332-8B13-01173B3001EB}.Release|Any CPU.ActiveCfg = Release|Any CPU
		{E3886696-2E82-4332-8B13-01173B3001EB}.Release|Any CPU.Build.0 = Release|Any CPU
		{E3886696-2E82-4332-8B13-01173B3001EB}.Release|x64.ActiveCfg = Release|Any CPU
		{E3886696-2E82-4332-8B13-01173B3001EB}.Release|x64.Build.0 = Release|Any CPU
		{E3886696-2E82-4332-8B13-01173B3001EB}.Release|x86.ActiveCfg = Release|Any CPU
		{E3886696-2E82-4332-8B13-01173B3001EB}.Release|x86.Build.0 = Release|Any CPU
		{FFE6C835-8F57-420A-B592-78D7FFA2550E}.Debug|Any CPU.ActiveCfg = Debug|Any CPU
		{FFE6C835-8F57-420A-B592-78D7FFA2550E}.Debug|Any CPU.Build.0 = Debug|Any CPU
		{FFE6C835-8F57-420A-B592-78D7FFA2550E}.Debug|x64.ActiveCfg = Debug|Any CPU
		{FFE6C835-8F57-420A-B592-78D7FFA2550E}.Debug|x64.Build.0 = Debug|Any CPU
		{FFE6C835-8F57-420A-B592-78D7FFA2550E}.Debug|x86.ActiveCfg = Debug|Any CPU
		{FFE6C835-8F57-420A-B592-78D7FFA2550E}.Debug|x86.Build.0 = Debug|Any CPU
		{FFE6C835-8F57-420A-B592-78D7FFA2550E}.Release|Any CPU.ActiveCfg = Release|Any CPU
		{FFE6C835-8F57-420A-B592-78D7FFA2550E}.Release|Any CPU.Build.0 = Release|Any CPU
		{FFE6C835-8F57-420A-B592-78D7FFA2550E}.Release|x64.ActiveCfg = Release|Any CPU
		{FFE6C835-8F57-420A-B592-78D7FFA2550E}.Release|x64.Build.0 = Release|Any CPU
		{FFE6C835-8F57-420A-B592-78D7FFA2550E}.Release|x86.ActiveCfg = Release|Any CPU
		{FFE6C835-8F57-420A-B592-78D7FFA2550E}.Release|x86.Build.0 = Release|Any CPU
	EndGlobalSection
	GlobalSection(SolutionProperties) = preSolution
		HideSolutionNode = FALSE
	EndGlobalSection
	GlobalSection(ExtensibilityGlobals) = postSolution
		SolutionGuid = {4E947132-FB4F-4A9D-B565-A9F7FB99A67A}
	EndGlobalSection
EndGlobal
